
Microsoft Visual Studio Solution File, Format Version 12.00
# Visual Studio Version 17
VisualStudioVersion = 17.4.33205.214
MinimumVisualStudioVersion = 10.0.40219.1
Project("{FAE04EC0-301F-11D3-BF4B-00C04F79EFBC}") = "HospitalManagementSystem", "HospitalManagementSystem.csproj", "{CF89BB67-A771-42B4-B999-CFD015495ACE}"
EndProject
Global
	GlobalSection(SolutionConfigurationPlatforms) = preSolution
		Debug|Any CPU = Debug|Any CPU
		Release|Any CPU = Release|Any CPU
	EndGlobalSection
	GlobalSection(ProjectConfigurationPlatforms) = postSolution
		{CF89BB67-A771-42B4-B999-CFD015495ACE}.Debug|Any CPU.ActiveCfg = Debug|Any CPU
		{CF89BB67-A771-42B4-B999-CFD015495ACE}.Debug|Any CPU.Build.0 = Debug|Any CPU
		{CF89BB67-A771-42B4-B999-CFD015495ACE}.Release|Any CPU.ActiveCfg = Release|Any CPU
		{CF89BB67-A771-42B4-B999-CFD015495ACE}.Release|Any CPU.Build.0 = Release|Any CPU
	EndGlobalSection
	GlobalSection(SolutionProperties) = preSolution
		HideSolutionNode = FALSE
	EndGlobalSection
	GlobalSection(ExtensibilityGlobals) = postSolution
		SolutionGuid = {D2DF6812-ECB9-4565-BDE6-57E396397C32}
	EndGlobalSection
EndGlobal
